{
  "name": "BikeMarket",
  "lockfileVersion": 3,
  "requires": true,
  "packages": {
    "": {
      "dependencies": {
        "react-multi-select-component": "^4.3.4",
        "react-multiselect-checkbox": "^2.9.0"
      }
    },
    "node_modules/@use-it/event-listener": {
      "version": "0.1.7",
      "resolved": "https://registry.npmjs.org/@use-it/event-listener/-/event-listener-0.1.7.tgz",
      "integrity": "sha512-hgfExDzUU9uTRTPDCpw2s9jWTxcxmpJya3fK5ADpf5VDpSy8WYwY/kh28XE0tUcbsljeP8wfan48QvAQTSSa3Q==",
      "license": "MIT",
      "peerDependencies": {
        "react": ">=16.8.0"
      }
    },
    "node_modules/declarative-factory": {
      "version": "1.23.0",
      "resolved": "https://registry.npmjs.org/declarative-factory/-/declarative-factory-1.23.0.tgz",
      "integrity": "sha512-CIF47Y0NIBrQK1Xj0A4CebzpuLiz44we+D87qX+WZQ65D64WvGnkbj4gcMf1hQOhSf7q+sLna6xKexHoGYvjWQ==",
      "license": "MIT",
      "dependencies": {
        "js-utl": "^4.28.0"
      }
    },
    "node_modules/def-promise": {
      "version": "2.13.0",
      "resolved": "https://registry.npmjs.org/def-promise/-/def-promise-2.13.0.tgz",
      "integrity": "sha512-rwlxvcZXGz7eFRU+uco1xOXFPWHel5yifjO1Vlua4dKkG272vGiFwiVzuWLboqN9fS14LoGuaJv1o4Gz7pSm3A==",
      "license": "MIT"
    },
    "node_modules/escape-string-regexp": {
      "version": "2.0.0",
      "resolved": "https://registry.npmjs.org/escape-string-regexp/-/escape-string-regexp-2.0.0.tgz",
      "integrity": "sha512-UpzcLCXolUWcNu5HtVMHYdXJjArjsF9C0aNnquZYY4uW/Vu0miy5YoWvbV345HauVvcAUnpRuhMMcqTcGOY2+w==",
      "license": "MIT",
      "engines": {
        "node": ">=8"
      }
    },
    "node_modules/immutable-linked-ordered-map": {
      "version": "1.30.0",
      "resolved": "https://registry.npmjs.org/immutable-linked-ordered-map/-/immutable-linked-ordered-map-1.30.0.tgz",
      "integrity": "sha512-5yKzhE/V2rOdix/zDj3HLegQGBEDaTqT7qSuvf1uNbySN8f/ddtJDt0FHIqN4a0HHlHOyXzhwiZRQwIPeYV7DA==",
      "license": "MIT",
      "dependencies": {
        "pigretto": "^2.29.0"
      }
    },
    "node_modules/jquery": {
      "version": "3.7.1",
      "resolved": "https://registry.npmjs.org/jquery/-/jquery-3.7.1.tgz",
      "integrity": "sha512-m4avr8yL8kmFN8psrbFFFmB/If14iN5o9nw/NgnnM+kybDJpRsAynV2BsfpTYrTRysYUdADVD7CkUUizgkpLfg==",
      "license": "MIT"
    },
    "node_modules/jquery-multiselect-checkbox": {
      "version": "3.13.0",
      "resolved": "https://registry.npmjs.org/jquery-multiselect-checkbox/-/jquery-multiselect-checkbox-3.13.0.tgz",
      "integrity": "sha512-HQJ9iUvt1c6ft50aWJxxE2kaqXWypjc2s9lA2yWnVkm9CE2oK1yMeHu50QjUhiPye3KoOtVLMJMvLPmRurC83g==",
      "license": "MIT",
      "dependencies": {
        "immutable-linked-ordered-map": "^1.17.0"
      },
      "peerDependencies": {
        "jquery": "^3.4.1"
      }
    },
    "node_modules/js-tokens": {
      "version": "4.0.0",
      "resolved": "https://registry.npmjs.org/js-tokens/-/js-tokens-4.0.0.tgz",
      "integrity": "sha512-RdJUflcE3cUzKiMqQgsCu06FPu9UdIJO0beYbPhHN4k6apgJtifcoCtT9bcxOpYBtpD2kCM6Sbzg4CausW/PKQ==",
      "license": "MIT"
    },
    "node_modules/js-utl": {
      "version": "4.63.0",
      "resolved": "https://registry.npmjs.org/js-utl/-/js-utl-4.63.0.tgz",
      "integrity": "sha512-ADUhzvTZNpdeSsZWP+awZRBviaZoFEwso58g+rOP9sUiQM7kqBRLVF5d/3xMbCvQTcp/mWHUq8FMiojVQJdeIA==",
      "license": "MIT"
    },
    "node_modules/linked-queue": {
      "version": "1.0.3",
      "resolved": "https://registry.npmjs.org/linked-queue/-/linked-queue-1.0.3.tgz",
      "integrity": "sha512-qaqavnFHZaiS/WRZyBxqQLro2WZiTZYuJNRuamnp6+54jtMHjcKCInQzYq4XCEp19fmQFVKbrG1gl3cJvSsGEw==",
      "license": "MIT"
    },
    "node_modules/loose-envify": {
      "version": "1.4.0",
      "resolved": "https://registry.npmjs.org/loose-envify/-/loose-envify-1.4.0.tgz",
      "integrity": "sha512-lyuxPGr/Wfhrlem2CL/UcnUc1zcqKAImBDzukY7Y5F/yQiNdko6+fRLevlw1HgMySw7f611UIY408EtxRSoK3Q==",
      "license": "MIT",
      "dependencies": {
        "js-tokens": "^3.0.0 || ^4.0.0"
      },
      "bin": {
        "loose-envify": "cli.js"
      }
    },
    "node_modules/object-assign": {
      "version": "4.1.1",
      "resolved": "https://registry.npmjs.org/object-assign/-/object-assign-4.1.1.tgz",
      "integrity": "sha512-rJgTQnkUnH1sFw8yT6VSU3zD3sWmu6sZhIseY8VX+GRu3P6F7Fu+JNDoXfklElbLJSnc3FUQHVe4cU5hj+BcUg==",
      "license": "MIT",
      "engines": {
        "node": ">=0.10.0"
      }
    },
    "node_modules/pigretto": {
      "version": "2.29.0",
      "resolved": "https://registry.npmjs.org/pigretto/-/pigretto-2.29.0.tgz",
      "integrity": "sha512-k3q/XaZFZT/yw+mJS3pcGmUQrKPiUWdEx98fu30BrMwinRxwQN3ps0rLI4HsktkVlUvmOaB69Ex8WSDXh+eM5A==",
      "license": "MIT",
      "dependencies": {
        "declarative-factory": "^1.12.0",
        "escape-string-regexp": "^2.0.0",
        "js-utl": "^4.18.0"
      }
    },
    "node_modules/prop-types": {
      "version": "15.8.1",
      "resolved": "https://registry.npmjs.org/prop-types/-/prop-types-15.8.1.tgz",
      "integrity": "sha512-oj87CgZICdulUohogVAR7AjlC0327U4el4L6eAvOqCeudMDVU0NThNaV+b9Df4dXgSP1gXMTnPdhfe/2qDH5cg==",
      "license": "MIT",
      "dependencies": {
        "loose-envify": "^1.4.0",
        "object-assign": "^4.1.1",
        "react-is": "^16.13.1"
      }
    },
    "node_modules/react": {
      "version": "17.0.2",
      "resolved": "https://registry.npmjs.org/react/-/react-17.0.2.tgz",
      "integrity": "sha512-gnhPt75i/dq/z3/6q/0asP78D0u592D5L1pd7M8P+dck6Fu/jJeL6iVVK23fptSUZj8Vjf++7wXA8UNclGQcbA==",
      "license": "MIT",
      "peer": true,
      "dependencies": {
        "loose-envify": "^1.1.0",
        "object-assign": "^4.1.1"
      },
      "engines": {
        "node": ">=0.10.0"
      }
    },
    "node_modules/react-dom": {
      "version": "17.0.2",
      "resolved": "https://registry.npmjs.org/react-dom/-/react-dom-17.0.2.tgz",
      "integrity": "sha512-s4h96KtLDUQlsENhMn1ar8t2bEa+q/YAtj8pPPdIjPDGBDIVNsrD9aXNWqspUe6AzKCIG0C1HZZLqLV7qpOBGA==",
      "license": "MIT",
      "peer": true,
      "dependencies": {
        "loose-envify": "^1.1.0",
        "object-assign": "^4.1.1",
        "scheduler": "^0.20.2"
      },
      "peerDependencies": {
        "react": "17.0.2"
      }
    },
    "node_modules/react-is": {
      "version": "16.13.1",
      "resolved": "https://registry.npmjs.org/react-is/-/react-is-16.13.1.tgz",
      "integrity": "sha512-24e6ynE2H+OKt4kqsOvNd8kBpV65zoxbA4BVsEOB3ARVWQki/DHzaUoC5KuON/BiccDaCCTZBuOcfZs70kR8bQ==",
      "license": "MIT"
    },
    "node_modules/react-js-utl": {
      "version": "1.77.0",
      "resolved": "https://registry.npmjs.org/react-js-utl/-/react-js-utl-1.77.0.tgz",
      "integrity": "sha512-mJy+BA9Y1IHcjRuUOCc7FDG4JCXnocMJBqkD0dj5sh9B6E5Z32+O5YX5VzWBspS5V/8eqBu09Thm+CWtZeouOw==",
      "license": "MIT",
      "dependencies": {
        "@use-it/event-listener": "^0.1.7",
        "declarative-factory": "^1.12.0",
        "def-promise": "^2.13.0",
        "js-utl": "^4.52.2",
        "linked-queue": "^1.0.3",
        "prop-types": "^15.7.2"
      },
      "engines": {
        "node": ">=8",
        "npm": ">=5"
      },
      "peerDependencies": {
        "immutable-linked-ordered-map": "^1.0.0",
        "react": "^15.0.0 || ^16.0.0 || ^17.0.0 || ^18.0.0",
        "react-dom": "^15.0.0 || ^16.0.0 || ^17.0.0 || ^18.0.0"
      }
    },
    "node_modules/react-multi-select-component": {
      "version": "4.3.4",
      "resolved": "https://registry.npmjs.org/react-multi-select-component/-/react-multi-select-component-4.3.4.tgz",
      "integrity": "sha512-Ui/bzCbROF4WfKq3OKWyQJHmy/bd1mW7CQM+L83TfiltuVvHElhKEyPM3JzO9urIcWplBUKv+kyxqmEnd9jPcA==",
      "license": "MIT",
      "peerDependencies": {
        "react": "^16 || ^17 || ^18",
        "react-dom": "^16 || ^17 || ^18"
      }
    },
    "node_modules/react-multiselect-checkbox": {
      "version": "2.9.0",
      "resolved": "https://registry.npmjs.org/react-multiselect-checkbox/-/react-multiselect-checkbox-2.9.0.tgz",
      "integrity": "sha512-ocOKeh1NUTfjM0b2Iw3PNxunahbWqNh2XjuCA6pYvnIFBCaDjnadWhC24Twbs2Rs3Fdu7oMsOkvxH1yxtVTJjg==",
      "license": "MIT",
      "dependencies": {
        "jquery": "^3.5.1",
        "jquery-multiselect-checkbox": "^3.3.0",
        "prop-types": "^15.7.2",
        "react-js-utl": "^1.47.2"
      },
      "engines": {
        "node": ">=8",
        "npm": ">=5"
      },
      "peerDependencies": {
        "react": "^15.0.0 || ^16.0.0 || ^17.0.0",
        "react-dom": "^15.0.0 || ^16.0.0 || ^17.0.0"
      }
    },
    "node_modules/scheduler": {
      "version": "0.20.2",
      "resolved": "https://registry.npmjs.org/scheduler/-/scheduler-0.20.2.tgz",
      "integrity": "sha512-2eWfGgAqqWFGqtdMmcL5zCMK1U8KlXv8SQFGglL3CEtd0aDVDWgeF/YoCmvln55m5zSk3J/20hTaSBeSObsQDQ==",
      "license": "MIT",
      "peer": true,
      "dependencies": {
        "loose-envify": "^1.1.0",
        "object-assign": "^4.1.1"
      }
    }
  }
}
